
Microsoft Visual Studio Solution File, Format Version 12.00
# Visual Studio 15
VisualStudioVersion = 15.0.28010.2003
MinimumVisualStudioVersion = 10.0.40219.1
Project("{9A19103F-16F7-4668-BE54-9A1E7A4F7556}") = "Linkedin.DogMeasures", "Linkedin.DogMeasures\Linkedin.DogMeasures.csproj", "{D1132CB2-24FC-453A-A675-59D9A509A85D}"
EndProject
Project("{FAE04EC0-301F-11D3-BF4B-00C04F79EFBC}") = "Linkedin.DogMeasures.Tests", "Linkedin.DogMeasures.Tests\Linkedin.DogMeasures.Tests.csproj", "{8AF23B02-AB9E-40A7-9064-5EA65A166633}"
EndProject
Global
	GlobalSection(SolutionConfigurationPlatforms) = preSolution
		Debug|Any CPU = Debug|Any CPU
		Release|Any CPU = Release|Any CPU
	EndGlobalSection
	GlobalSection(ProjectConfigurationPlatforms) = postSolution
		{D1132CB2-24FC-453A-A675-59D9A509A85D}.Debug|Any CPU.ActiveCfg = Debug|Any CPU
		{D1132CB2-24FC-453A-A675-59D9A509A85D}.Debug|Any CPU.Build.0 = Debug|Any CPU
		{D1132CB2-24FC-453A-A675-59D9A509A85D}.Release|Any CPU.ActiveCfg = Release|Any CPU
		{D1132CB2-24FC-453A-A675-59D9A509A85D}.Release|Any CPU.Build.0 = Release|Any CPU
		{8AF23B02-AB9E-40A7-9064-5EA65A166633}.Debug|Any CPU.ActiveCfg = Debug|Any CPU
		{8AF23B02-AB9E-40A7-9064-5EA65A166633}.Debug|Any CPU.Build.0 = Debug|Any CPU
		{8AF23B02-AB9E-40A7-9064-5EA65A166633}.Release|Any CPU.ActiveCfg = Release|Any CPU
		{8AF23B02-AB9E-40A7-9064-5EA65A166633}.Release|Any CPU.Build.0 = Release|Any CPU
	EndGlobalSection
	GlobalSection(SolutionProperties) = preSolution
		HideSolutionNode = FALSE
	EndGlobalSection
	GlobalSection(ExtensibilityGlobals) = postSolution
		SolutionGuid = {E18F2313-658D-4523-B959-D2C7DFF2F019}
	EndGlobalSection
EndGlobal
